
Microsoft Visual Studio Solution File, Format Version 12.00
# Visual Studio Version 17
VisualStudioVersion = 17.12.35527.113 d17.12
MinimumVisualStudioVersion = 10.0.40219.1
Project("{FAE04EC0-301F-11D3-BF4B-00C04F79EFBC}") = "DateiUploadDemo", "DateiUploadDemo\DateiUploadDemo.csproj", "{289E126D-678F-44F6-BC32-91A9D925CA53}"
EndProject
Global
	GlobalSection(SolutionConfigurationPlatforms) = preSolution
		Debug|Any CPU = Debug|Any CPU
		Release|Any CPU = Release|Any CPU
	EndGlobalSection
	GlobalSection(ProjectConfigurationPlatforms) = postSolution
		{289E126D-678F-44F6-BC32-91A9D925CA53}.Debug|Any CPU.ActiveCfg = Debug|Any CPU
		{289E126D-678F-44F6-BC32-91A9D925CA53}.Debug|Any CPU.Build.0 = Debug|Any CPU
		{289E126D-678F-44F6-BC32-91A9D925CA53}.Release|Any CPU.ActiveCfg = Release|Any CPU
		{289E126D-678F-44F6-BC32-91A9D925CA53}.Release|Any CPU.Build.0 = Release|Any CPU
	EndGlobalSection
	GlobalSection(SolutionProperties) = preSolution
		HideSolutionNode = FALSE
	EndGlobalSection
EndGlobal
