
Microsoft Visual Studio Solution File, Format Version 12.00
# Visual Studio Version 17
VisualStudioVersion = 17.12.35527.113 d17.12
MinimumVisualStudioVersion = 10.0.40219.1
Project("{FAE04EC0-301F-11D3-BF4B-00C04F79EFBC}") = "TrsWebApi", "TrsWebApi\TrsWebApi.csproj", "{FE5B882C-13D8-455B-BB1D-BEDB0AC8CE4D}"
EndProject
Project("{FAE04EC0-301F-11D3-BF4B-00C04F79EFBC}") = "TRSAP11V2", "..\..\..\..\..\..\Git\Projekte (JET)\TRSAP11V2\TRSAP11V2\TRSAP11V2.csproj", "{97CCB363-6B6F-44F2-801D-7F9ABF7D1FEB}"
EndProject
Global
	GlobalSection(SolutionConfigurationPlatforms) = preSolution
		Debug|Any CPU = Debug|Any CPU
		Release|Any CPU = Release|Any CPU
	EndGlobalSection
	GlobalSection(ProjectConfigurationPlatforms) = postSolution
		{FE5B882C-13D8-455B-BB1D-BEDB0AC8CE4D}.Debug|Any CPU.ActiveCfg = Debug|Any CPU
		{FE5B882C-13D8-455B-BB1D-BEDB0AC8CE4D}.Debug|Any CPU.Build.0 = Debug|Any CPU
		{FE5B882C-13D8-455B-BB1D-BEDB0AC8CE4D}.Release|Any CPU.ActiveCfg = Release|Any CPU
		{FE5B882C-13D8-455B-BB1D-BEDB0AC8CE4D}.Release|Any CPU.Build.0 = Release|Any CPU
		{97CCB363-6B6F-44F2-801D-7F9ABF7D1FEB}.Debug|Any CPU.ActiveCfg = Debug|Any CPU
		{97CCB363-6B6F-44F2-801D-7F9ABF7D1FEB}.Debug|Any CPU.Build.0 = Debug|Any CPU
		{97CCB363-6B6F-44F2-801D-7F9ABF7D1FEB}.Release|Any CPU.ActiveCfg = Release|Any CPU
		{97CCB363-6B6F-44F2-801D-7F9ABF7D1FEB}.Release|Any CPU.Build.0 = Release|Any CPU
	EndGlobalSection
	GlobalSection(SolutionProperties) = preSolution
		HideSolutionNode = FALSE
	EndGlobalSection
EndGlobal
